
Microsoft Visual Studio Solution File, Format Version 12.00
# Visual Studio Version 16
VisualStudioVersion = 16.0.32126.315
MinimumVisualStudioVersion = 10.0.40219.1
Project("{FAE04EC0-301F-11D3-BF4B-00C04F79EFBC}") = "BubbleSort", "BubbleSort\BubbleSort.csproj", "{2080A63F-EBBB-4C97-8098-D584555FACC8}"
EndProject
Project("{FAE04EC0-301F-11D3-BF4B-00C04F79EFBC}") = "InsertionSort", "InsertionSort\InsertionSort.csproj", "{4515E438-6BE2-4258-B9F1-EE8506F93417}"
EndProject
Project("{FAE04EC0-301F-11D3-BF4B-00C04F79EFBC}") = "SelectionSort", "SelectionSort\SelectionSort.csproj", "{3E1FC6A2-D108-4F7B-A856-570B263BB667}"
EndProject
Global
	GlobalSection(SolutionConfigurationPlatforms) = preSolution
		Debug|Any CPU = Debug|Any CPU
		Release|Any CPU = Release|Any CPU
	EndGlobalSection
	GlobalSection(ProjectConfigurationPlatforms) = postSolution
		{2080A63F-EBBB-4C97-8098-D584555FACC8}.Debug|Any CPU.ActiveCfg = Debug|Any CPU
		{2080A63F-EBBB-4C97-8098-D584555FACC8}.Debug|Any CPU.Build.0 = Debug|Any CPU
		{2080A63F-EBBB-4C97-8098-D584555FACC8}.Release|Any CPU.ActiveCfg = Release|Any CPU
		{2080A63F-EBBB-4C97-8098-D584555FACC8}.Release|Any CPU.Build.0 = Release|Any CPU
		{4515E438-6BE2-4258-B9F1-EE8506F93417}.Debug|Any CPU.ActiveCfg = Debug|Any CPU
		{4515E438-6BE2-4258-B9F1-EE8506F93417}.Debug|Any CPU.Build.0 = Debug|Any CPU
		{4515E438-6BE2-4258-B9F1-EE8506F93417}.Release|Any CPU.ActiveCfg = Release|Any CPU
		{4515E438-6BE2-4258-B9F1-EE8506F93417}.Release|Any CPU.Build.0 = Release|Any CPU
		{3E1FC6A2-D108-4F7B-A856-570B263BB667}.Debug|Any CPU.ActiveCfg = Debug|Any CPU
		{3E1FC6A2-D108-4F7B-A856-570B263BB667}.Debug|Any CPU.Build.0 = Debug|Any CPU
		{3E1FC6A2-D108-4F7B-A856-570B263BB667}.Release|Any CPU.ActiveCfg = Release|Any CPU
		{3E1FC6A2-D108-4F7B-A856-570B263BB667}.Release|Any CPU.Build.0 = Release|Any CPU
	EndGlobalSection
	GlobalSection(SolutionProperties) = preSolution
		HideSolutionNode = FALSE
	EndGlobalSection
	GlobalSection(ExtensibilityGlobals) = postSolution
		SolutionGuid = {16C2F372-9FD3-4989-999F-FCDE8CAC1926}
	EndGlobalSection
EndGlobal
